// !$*UTF8*$!
{
	archiveVersion = 1;
	classes = {
	};
	objectVersion = 46;
	objects = {

/* Begin PBXBuildFile section */
		FAF46A741B1866E70024BEFE /* main.cpp in Sources */ = {isa = PBXBuildFile; fileRef = FAF46A701B1866E70024BEFE /* main.cpp */; };
		FAF46A751B1866E70024BEFE /* PLL.cpp in Sources */ = {isa = PBXBuildFile; fileRef = FAF46A721B1866E70024BEFE /* PLL.cpp */; };
/* End PBXBuildFile section */

/* Begin PBXCopyFilesBuildPhase section */
		FAF46A641B18656C0024BEFE /* CopyFiles */ = {
			isa = PBXCopyFilesBuildPhase;
			buildActionMask = 2147483647;
			dstPath = /usr/share/man/man1/;
			dstSubfolderSpec = 0;
			files = (
			);
			runOnlyForDeploymentPostprocessing = 1;
		};
/* End PBXCopyFilesBuildPhase section */

/* Begin PBXFileReference section */
		FAF46A661B18656C0024BEFE /* treeCl_EM */ = {isa = PBXFileReference; explicitFileType = "compiled.mach-o.executable"; includeInIndex = 0; path = treeCl_EM; sourceTree = BUILT_PRODUCTS_DIR; };
		FAF46A701B1866E70024BEFE /* main.cpp */ = {isa = PBXFileReference; fileEncoding = 4; lastKnownFileType = sourcecode.cpp.cpp; name = main.cpp; path = /Users/kgori/Documents/repositories/treeCl_EM/treeCl_EM/treeCl_EM/../../main.cpp; sourceTree = "<absolute>"; };
		FAF46A711B1866E70024BEFE /* memory_management.h */ = {isa = PBXFileReference; fileEncoding = 4; lastKnownFileType = sourcecode.c.h; name = memory_management.h; path = ../../memory_management.h; sourceTree = "<group>"; };
		FAF46A721B1866E70024BEFE /* PLL.cpp */ = {isa = PBXFileReference; fileEncoding = 4; lastKnownFileType = sourcecode.cpp.cpp; name = PLL.cpp; path = ../../PLL.cpp; sourceTree = "<group>"; };
		FAF46A731B1866E70024BEFE /* PLL.h */ = {isa = PBXFileReference; fileEncoding = 4; lastKnownFileType = sourcecode.c.h; name = PLL.h; path = ../../PLL.h; sourceTree = "<group>"; };
		FAF46A761B1868A70024BEFE /* data */ = {isa = PBXFileReference; lastKnownFileType = folder; name = data; path = ../data; sourceTree = SOURCE_ROOT; };
/* End PBXFileReference section */

/* Begin PBXFrameworksBuildPhase section */
		FAF46A631B18656C0024BEFE /* Frameworks */ = {
			isa = PBXFrameworksBuildPhase;
			buildActionMask = 2147483647;
			files = (
			);
			runOnlyForDeploymentPostprocessing = 0;
		};
/* End PBXFrameworksBuildPhase section */

/* Begin PBXGroup section */
		FAF46A5D1B18656C0024BEFE = {
			isa = PBXGroup;
			children = (
				FAF46A681B18656C0024BEFE /* treeCl_EM */,
				FAF46A671B18656C0024BEFE /* Products */,
			);
			sourceTree = "<group>";
		};
		FAF46A671B18656C0024BEFE /* Products */ = {
			isa = PBXGroup;
			children = (
				FAF46A661B18656C0024BEFE /* treeCl_EM */,
			);
			name = Products;
			sourceTree = "<group>";
		};
		FAF46A681B18656C0024BEFE /* treeCl_EM */ = {
			isa = PBXGroup;
			children = (
				FAF46A761B1868A70024BEFE /* data */,
				FAF46A701B1866E70024BEFE /* main.cpp */,
				FAF46A711B1866E70024BEFE /* memory_management.h */,
				FAF46A721B1866E70024BEFE /* PLL.cpp */,
				FAF46A731B1866E70024BEFE /* PLL.h */,
			);
			path = treeCl_EM;
			sourceTree = "<group>";
		};
/* End PBXGroup section */

/* Begin PBXNativeTarget section */
		FAF46A651B18656C0024BEFE /* treeCl_EM */ = {
			isa = PBXNativeTarget;
			buildConfigurationList = FAF46A6D1B18656C0024BEFE /* Build configuration list for PBXNativeTarget "treeCl_EM" */;
			buildPhases = (
				FAF46A621B18656C0024BEFE /* Sources */,
				FAF46A631B18656C0024BEFE /* Frameworks */,
				FAF46A641B18656C0024BEFE /* CopyFiles */,
			);
			buildRules = (
			);
			dependencies = (
			);
			name = treeCl_EM;
			productName = treeCl_EM;
			productReference = FAF46A661B18656C0024BEFE /* treeCl_EM */;
			productType = "com.apple.product-type.tool";
		};
/* End PBXNativeTarget section */

/* Begin PBXProject section */
		FAF46A5E1B18656C0024BEFE /* Project object */ = {
			isa = PBXProject;
			attributes = {
				LastUpgradeCheck = 0630;
				ORGANIZATIONNAME = "Kevin Gori";
				TargetAttributes = {
					FAF46A651B18656C0024BEFE = {
						CreatedOnToolsVersion = 6.3.2;
					};
				};
			};
			buildConfigurationList = FAF46A611B18656C0024BEFE /* Build configuration list for PBXProject "treeCl_EM" */;
			compatibilityVersion = "Xcode 3.2";
			developmentRegion = English;
			hasScannedForEncodings = 0;
			knownRegions = (
				en,
			);
			mainGroup = FAF46A5D1B18656C0024BEFE;
			productRefGroup = FAF46A671B18656C0024BEFE /* Products */;
			projectDirPath = "";
			projectRoot = "";
			targets = (
				FAF46A651B18656C0024BEFE /* treeCl_EM */,
			);
		};
/* End PBXProject section */

/* Begin PBXSourcesBuildPhase section */
		FAF46A621B18656C0024BEFE /* Sources */ = {
			isa = PBXSourcesBuildPhase;
			buildActionMask = 2147483647;
			files = (
				FAF46A751B1866E70024BEFE /* PLL.cpp in Sources */,
				FAF46A741B1866E70024BEFE /* main.cpp in Sources */,
			);
			runOnlyForDeploymentPostprocessing = 0;
		};
/* End PBXSourcesBuildPhase section */

/* Begin XCBuildConfiguration section */
		FAF46A6B1B18656C0024BEFE /* Debug */ = {
			isa = XCBuildConfiguration;
			buildSettings = {
				ALWAYS_SEARCH_USER_PATHS = NO;
				CLANG_CXX_LANGUAGE_STANDARD = "gnu++0x";
				CLANG_CXX_LIBRARY = "libc++";
				CLANG_ENABLE_MODULES = YES;
				CLANG_ENABLE_OBJC_ARC = YES;
				CLANG_WARN_BOOL_CONVERSION = YES;
				CLANG_WARN_CONSTANT_CONVERSION = YES;
				CLANG_WARN_DIRECT_OBJC_ISA_USAGE = YES_ERROR;
				CLANG_WARN_EMPTY_BODY = YES;
				CLANG_WARN_ENUM_CONVERSION = YES;
				CLANG_WARN_INT_CONVERSION = YES;
				CLANG_WARN_OBJC_ROOT_CLASS = YES_ERROR;
				CLANG_WARN_UNREACHABLE_CODE = YES;
				CLANG_WARN__DUPLICATE_METHOD_MATCH = YES;
				COPY_PHASE_STRIP = NO;
				DEBUG_INFORMATION_FORMAT = dwarf;
				ENABLE_STRICT_OBJC_MSGSEND = YES;
				GCC_C_LANGUAGE_STANDARD = gnu99;
				GCC_DYNAMIC_NO_PIC = NO;
				GCC_NO_COMMON_BLOCKS = YES;
				GCC_OPTIMIZATION_LEVEL = 0;
				GCC_PREPROCESSOR_DEFINITIONS = (
					"DEBUG=1",
					"$(inherited)",
				);
				GCC_SYMBOLS_PRIVATE_EXTERN = NO;
				GCC_WARN_64_TO_32_BIT_CONVERSION = YES;
				GCC_WARN_ABOUT_RETURN_TYPE = YES_ERROR;
				GCC_WARN_UNDECLARED_SELECTOR = YES;
				GCC_WARN_UNINITIALIZED_AUTOS = YES_AGGRESSIVE;
				GCC_WARN_UNUSED_FUNCTION = YES;
				GCC_WARN_UNUSED_VARIABLE = YES;
				MACOSX_DEPLOYMENT_TARGET = 10.10;
				MTL_ENABLE_DEBUG_INFO = YES;
				ONLY_ACTIVE_ARCH = YES;
				SDKROOT = macosx;
			};
			name = Debug;
		};
		FAF46A6C1B18656C0024BEFE /* Release */ = {
			isa = XCBuildConfiguration;
			buildSettings = {
				ALWAYS_SEARCH_USER_PATHS = NO;
				CLANG_CXX_LANGUAGE_STANDARD = "gnu++0x";
				CLANG_CXX_LIBRARY = "libc++";
				CLANG_ENABLE_MODULES = YES;
				CLANG_ENABLE_OBJC_ARC = YES;
				CLANG_WARN_BOOL_CONVERSION = YES;
				CLANG_WARN_CONSTANT_CONVERSION = YES;
				CLANG_WARN_DIRECT_OBJC_ISA_USAGE = YES_ERROR;
				CLANG_WARN_EMPTY_BODY = YES;
				CLANG_WARN_ENUM_CONVERSION = YES;
				CLANG_WARN_INT_CONVERSION = YES;
				CLANG_WARN_OBJC_ROOT_CLASS = YES_ERROR;
				CLANG_WARN_UNREACHABLE_CODE = YES;
				CLANG_WARN__DUPLICATE_METHOD_MATCH = YES;
				COPY_PHASE_STRIP = NO;
				DEBUG_INFORMATION_FORMAT = "dwarf-with-dsym";
				ENABLE_NS_ASSERTIONS = NO;
				ENABLE_STRICT_OBJC_MSGSEND = YES;
				GCC_C_LANGUAGE_STANDARD = gnu99;
				GCC_NO_COMMON_BLOCKS = YES;
				GCC_WARN_64_TO_32_BIT_CONVERSION = YES;
				GCC_WARN_ABOUT_RETURN_TYPE = YES_ERROR;
				GCC_WARN_UNDECLARED_SELECTOR = YES;
				GCC_WARN_UNINITIALIZED_AUTOS = YES_AGGRESSIVE;
				GCC_WARN_UNUSED_FUNCTION = YES;
				GCC_WARN_UNUSED_VARIABLE = YES;
				MACOSX_DEPLOYMENT_TARGET = 10.10;
				MTL_ENABLE_DEBUG_INFO = NO;
				SDKROOT = macosx;
			};
			name = Release;
		};
		FAF46A6E1B18656C0024BEFE /* Debug */ = {
			isa = XCBuildConfiguration;
			buildSettings = {
				CLANG_CXX_LANGUAGE_STANDARD = "c++14";
				GCC_C_LANGUAGE_STANDARD = c11;
				"LIBRARY_SEARCH_PATHS[arch=*]" = /usr/local/lib;
				"OTHER_CPLUSPLUSFLAGS[arch=*]" = (
					"$(OTHER_CFLAGS)",
					"-I/usr/local/include",
				);
				"OTHER_LDFLAGS[arch=*]" = "-lpll-avx-pthreads";
				PRODUCT_NAME = "$(TARGET_NAME)";
			};
			name = Debug;
		};
		FAF46A6F1B18656C0024BEFE /* Release */ = {
			isa = XCBuildConfiguration;
			buildSettings = {
				CLANG_CXX_LANGUAGE_STANDARD = "c++14";
				GCC_C_LANGUAGE_STANDARD = c11;
				"LIBRARY_SEARCH_PATHS[arch=*]" = /usr/local/lib;
				"OTHER_CPLUSPLUSFLAGS[arch=*]" = (
					"$(OTHER_CFLAGS)",
					"-I/usr/local/include",
				);
				"OTHER_LDFLAGS[arch=*]" = "-lpll-avx-pthreads";
				PRODUCT_NAME = "$(TARGET_NAME)";
			};
			name = Release;
		};
/* End XCBuildConfiguration section */

/* Begin XCConfigurationList section */
		FAF46A611B18656C0024BEFE /* Build configuration list for PBXProject "treeCl_EM" */ = {
			isa = XCConfigurationList;
			buildConfigurations = (
				FAF46A6B1B18656C0024BEFE /* Debug */,
				FAF46A6C1B18656C0024BEFE /* Release */,
			);
			defaultConfigurationIsVisible = 0;
			defaultConfigurationName = Release;
		};
		FAF46A6D1B18656C0024BEFE /* Build configuration list for PBXNativeTarget "treeCl_EM" */ = {
			isa = XCConfigurationList;
			buildConfigurations = (
				FAF46A6E1B18656C0024BEFE /* Debug */,
				FAF46A6F1B18656C0024BEFE /* Release */,
			);
			defaultConfigurationIsVisible = 0;
		};
/* End XCConfigurationList section */
	};
	rootObject = FAF46A5E1B18656C0024BEFE /* Project object */;
}
